// !$*UTF8*$!
{
	archiveVersion = 1;
	classes = {
	};
	objectVersion = 48;
	objects = {

/* Begin PBXBuildFile section */
		2C3106C62006689B00E56434 /* Main.storyboard in Resources */ = {isa = PBXBuildFile; fileRef = 2C3106C42006689B00E56434 /* Main.storyboard */; };
		2C3106C82006689B00E56434 /* Assets.xcassets in Resources */ = {isa = PBXBuildFile; fileRef = 2C3106C72006689B00E56434 /* Assets.xcassets */; };
		2C3106CB2006689B00E56434 /* LaunchScreen.storyboard in Resources */ = {isa = PBXBuildFile; fileRef = 2C3106C92006689B00E56434 /* LaunchScreen.storyboard */; };
		2C3106CE2006689B00E56434 /* main.m in Sources */ = {isa = PBXBuildFile; fileRef = 2C3106CD2006689B00E56434 /* main.m */; };
		2C3106D82006689B00E56434 /* TuneWaveTests.m in Sources */ = {isa = PBXBuildFile; fileRef = 2C3106D72006689B00E56434 /* TuneWaveTests.m */; };
		2C3106E32006689C00E56434 /* TuneWaveUITests.m in Sources */ = {isa = PBXBuildFile; fileRef = 2C3106E22006689C00E56434 /* TuneWaveUITests.m */; };
		2C6F16202007384C0019E2B7 /* ViewController.m in Sources */ = {isa = PBXBuildFile; fileRef = 2C6F16142007384B0019E2B7 /* ViewController.m */; };
		2C6F16232007384C0019E2B7 /* AppDelegate.m in Sources */ = {isa = PBXBuildFile; fileRef = 2C6F161B2007384C0019E2B7 /* AppDelegate.m */; };
		2C6F16242007384C0019E2B7 /* WaveForm.m in Sources */ = {isa = PBXBuildFile; fileRef = 2C6F161E2007384C0019E2B7 /* WaveForm.m */; };
/* End PBXBuildFile section */

/* Begin PBXContainerItemProxy section */
		2C3106D42006689B00E56434 /* PBXContainerItemProxy */ = {
			isa = PBXContainerItemProxy;
			containerPortal = 2C3106B32006689B00E56434 /* Project object */;
			proxyType = 1;
			remoteGlobalIDString = 2C3106BA2006689B00E56434;
			remoteInfo = TuneWave;
		};
		2C3106DF2006689C00E56434 /* PBXContainerItemProxy */ = {
			isa = PBXContainerItemProxy;
			containerPortal = 2C3106B32006689B00E56434 /* Project object */;
			proxyType = 1;
			remoteGlobalIDString = 2C3106BA2006689B00E56434;
			remoteInfo = TuneWave;
		};
/* End PBXContainerItemProxy section */

/* Begin PBXFileReference section */
		2C3106BB2006689B00E56434 /* TuneWave.app */ = {isa = PBXFileReference; explicitFileType = wrapper.application; includeInIndex = 0; path = TuneWave.app; sourceTree = BUILT_PRODUCTS_DIR; };
		2C3106C52006689B00E56434 /* Base */ = {isa = PBXFileReference; lastKnownFileType = file.storyboard; name = Base; path = Base.lproj/Main.storyboard; sourceTree = "<group>"; };
		2C3106C72006689B00E56434 /* Assets.xcassets */ = {isa = PBXFileReference; lastKnownFileType = folder.assetcatalog; path = Assets.xcassets; sourceTree = "<group>"; };
		2C3106CA2006689B00E56434 /* Base */ = {isa = PBXFileReference; lastKnownFileType = file.storyboard; name = Base; path = Base.lproj/LaunchScreen.storyboard; sourceTree = "<group>"; };
		2C3106CC2006689B00E56434 /* Info.plist */ = {isa = PBXFileReference; lastKnownFileType = text.plist.xml; path = Info.plist; sourceTree = "<group>"; };
		2C3106CD2006689B00E56434 /* main.m */ = {isa = PBXFileReference; lastKnownFileType = sourcecode.c.objc; path = main.m; sourceTree = "<group>"; };
		2C3106D32006689B00E56434 /* TuneWaveTests.xctest */ = {isa = PBXFileReference; explicitFileType = wrapper.cfbundle; includeInIndex = 0; path = TuneWaveTests.xctest; sourceTree = BUILT_PRODUCTS_DIR; };
		2C3106D72006689B00E56434 /* TuneWaveTests.m */ = {isa = PBXFileReference; lastKnownFileType = sourcecode.c.objc; path = TuneWaveTests.m; sourceTree = "<group>"; };
		2C3106D92006689B00E56434 /* Info.plist */ = {isa = PBXFileReference; lastKnownFileType = text.plist.xml; path = Info.plist; sourceTree = "<group>"; };
		2C3106DE2006689C00E56434 /* TuneWaveUITests.xctest */ = {isa = PBXFileReference; explicitFileType = wrapper.cfbundle; includeInIndex = 0; path = TuneWaveUITests.xctest; sourceTree = BUILT_PRODUCTS_DIR; };
		2C3106E22006689C00E56434 /* TuneWaveUITests.m */ = {isa = PBXFileReference; lastKnownFileType = sourcecode.c.objc; path = TuneWaveUITests.m; sourceTree = "<group>"; };
		2C3106E42006689C00E56434 /* Info.plist */ = {isa = PBXFileReference; lastKnownFileType = text.plist.xml; path = Info.plist; sourceTree = "<group>"; };
		2C6F16132007384B0019E2B7 /* ViewController.h */ = {isa = PBXFileReference; fileEncoding = 4; lastKnownFileType = sourcecode.c.h; path = ViewController.h; sourceTree = "<group>"; };
		2C6F16142007384B0019E2B7 /* ViewController.m */ = {isa = PBXFileReference; fileEncoding = 4; lastKnownFileType = sourcecode.c.objc; path = ViewController.m; sourceTree = "<group>"; };
		2C6F161A2007384C0019E2B7 /* AppDelegate.h */ = {isa = PBXFileReference; fileEncoding = 4; lastKnownFileType = sourcecode.c.h; path = AppDelegate.h; sourceTree = "<group>"; };
		2C6F161B2007384C0019E2B7 /* AppDelegate.m */ = {isa = PBXFileReference; fileEncoding = 4; lastKnownFileType = sourcecode.c.objc; path = AppDelegate.m; sourceTree = "<group>"; };
		2C6F161D2007384C0019E2B7 /* WaveForm.h */ = {isa = PBXFileReference; fileEncoding = 4; lastKnownFileType = sourcecode.c.h; path = WaveForm.h; sourceTree = "<group>"; };
		2C6F161E2007384C0019E2B7 /* WaveForm.m */ = {isa = PBXFileReference; fileEncoding = 4; lastKnownFileType = sourcecode.c.objc; path = WaveForm.m; sourceTree = "<group>"; };
/* End PBXFileReference section */

/* Begin PBXFrameworksBuildPhase section */
		2C3106B82006689B00E56434 /* Frameworks */ = {
			isa = PBXFrameworksBuildPhase;
			buildActionMask = 2147483647;
			files = (
			);
			runOnlyForDeploymentPostprocessing = 0;
		};
		2C3106D02006689B00E56434 /* Frameworks */ = {
			isa = PBXFrameworksBuildPhase;
			buildActionMask = 2147483647;
			files = (
			);
			runOnlyForDeploymentPostprocessing = 0;
		};
		2C3106DB2006689C00E56434 /* Frameworks */ = {
			isa = PBXFrameworksBuildPhase;
			buildActionMask = 2147483647;
			files = (
			);
			runOnlyForDeploymentPostprocessing = 0;
		};
/* End PBXFrameworksBuildPhase section */

/* Begin PBXGroup section */
		2C3106B22006689B00E56434 = {
			isa = PBXGroup;
			children = (
				2C3106BD2006689B00E56434 /* TuneWave */,
				2C3106D62006689B00E56434 /* TuneWaveTests */,
				2C3106E12006689C00E56434 /* TuneWaveUITests */,
				2C3106BC2006689B00E56434 /* Products */,
			);
			sourceTree = "<group>";
		};
		2C3106BC2006689B00E56434 /* Products */ = {
			isa = PBXGroup;
			children = (
				2C3106BB2006689B00E56434 /* TuneWave.app */,
				2C3106D32006689B00E56434 /* TuneWaveTests.xctest */,
				2C3106DE2006689C00E56434 /* TuneWaveUITests.xctest */,
			);
			name = Products;
			sourceTree = "<group>";
		};
		2C3106BD2006689B00E56434 /* TuneWave */ = {
			isa = PBXGroup;
			children = (
				2C6F16182007384C0019E2B7 /* Common */,
				2C6F16122007384B0019E2B7 /* Controller */,
				2C6F161C2007384C0019E2B7 /* View */,
				2C3106C42006689B00E56434 /* Main.storyboard */,
				2C3106C92006689B00E56434 /* LaunchScreen.storyboard */,
				2C3106C72006689B00E56434 /* Assets.xcassets */,
				2C3106CC2006689B00E56434 /* Info.plist */,
				2C3106CD2006689B00E56434 /* main.m */,
			);
			path = TuneWave;
			sourceTree = "<group>";
		};
		2C3106D62006689B00E56434 /* TuneWaveTests */ = {
			isa = PBXGroup;
			children = (
				2C3106D72006689B00E56434 /* TuneWaveTests.m */,
				2C3106D92006689B00E56434 /* Info.plist */,
			);
			path = TuneWaveTests;
			sourceTree = "<group>";
		};
		2C3106E12006689C00E56434 /* TuneWaveUITests */ = {
			isa = PBXGroup;
			children = (
				2C3106E22006689C00E56434 /* TuneWaveUITests.m */,
				2C3106E42006689C00E56434 /* Info.plist */,
			);
			path = TuneWaveUITests;
			sourceTree = "<group>";
		};
		2C6F16122007384B0019E2B7 /* Controller */ = {
			isa = PBXGroup;
			children = (
				2C6F16132007384B0019E2B7 /* ViewController.h */,
				2C6F16142007384B0019E2B7 /* ViewController.m */,
			);
			path = Controller;
			sourceTree = "<group>";
		};
		2C6F16182007384C0019E2B7 /* Common */ = {
			isa = PBXGroup;
			children = (
				2C6F16192007384C0019E2B7 /* AppDelegate */,
			);
			path = Common;
			sourceTree = "<group>";
		};
		2C6F16192007384C0019E2B7 /* AppDelegate */ = {
			isa = PBXGroup;
			children = (
				2C6F161A2007384C0019E2B7 /* AppDelegate.h */,
				2C6F161B2007384C0019E2B7 /* AppDelegate.m */,
			);
			path = AppDelegate;
			sourceTree = "<group>";
		};
		2C6F161C2007384C0019E2B7 /* View */ = {
			isa = PBXGroup;
			children = (
				2C6F161D2007384C0019E2B7 /* WaveForm.h */,
				2C6F161E2007384C0019E2B7 /* WaveForm.m */,
			);
			path = View;
			sourceTree = "<group>";
		};
/* End PBXGroup section */

/* Begin PBXNativeTarget section */
		2C3106BA2006689B00E56434 /* TuneWave */ = {
			isa = PBXNativeTarget;
			buildConfigurationList = 2C3106E72006689C00E56434 /* Build configuration list for PBXNativeTarget "TuneWave" */;
			buildPhases = (
				2C3106B72006689B00E56434 /* Sources */,
				2C3106B82006689B00E56434 /* Frameworks */,
				2C3106B92006689B00E56434 /* Resources */,
			);
			buildRules = (
			);
			dependencies = (
			);
			name = TuneWave;
			productName = TuneWave;
			productReference = 2C3106BB2006689B00E56434 /* TuneWave.app */;
			productType = "com.apple.product-type.application";
		};
		2C3106D22006689B00E56434 /* TuneWaveTests */ = {
			isa = PBXNativeTarget;
			buildConfigurationList = 2C3106EA2006689C00E56434 /* Build configuration list for PBXNativeTarget "TuneWaveTests" */;
			buildPhases = (
				2C3106CF2006689B00E56434 /* Sources */,
				2C3106D02006689B00E56434 /* Frameworks */,
				2C3106D12006689B00E56434 /* Resources */,
			);
			buildRules = (
			);
			dependencies = (
				2C3106D52006689B00E56434 /* PBXTargetDependency */,
			);
			name = TuneWaveTests;
			productName = TuneWaveTests;
			productReference = 2C3106D32006689B00E56434 /* TuneWaveTests.xctest */;
			productType = "com.apple.product-type.bundle.unit-test";
		};
		2C3106DD2006689C00E56434 /* TuneWaveUITests */ = {
			isa = PBXNativeTarget;
			buildConfigurationList = 2C3106ED2006689C00E56434 /* Build configuration list for PBXNativeTarget "TuneWaveUITests" */;
			buildPhases = (
				2C3106DA2006689C00E56434 /* Sources */,
				2C3106DB2006689C00E56434 /* Frameworks */,
				2C3106DC2006689C00E56434 /* Resources */,
			);
			buildRules = (
			);
			dependencies = (
				2C3106E02006689C00E56434 /* PBXTargetDependency */,
			);
			name = TuneWaveUITests;
			productName = TuneWaveUITests;
			productReference = 2C3106DE2006689C00E56434 /* TuneWaveUITests.xctest */;
			productType = "com.apple.product-type.bundle.ui-testing";
		};
/* End PBXNativeTarget section */

/* Begin PBXProject section */
		2C3106B32006689B00E56434 /* Project object */ = {
			isa = PBXProject;
			attributes = {
				LastUpgradeCheck = 0920;
				ORGANIZATIONNAME = "Aleph-Labs";
				TargetAttributes = {
					2C3106BA2006689B00E56434 = {
						CreatedOnToolsVersion = 9.2;
						ProvisioningStyle = Automatic;
					};
					2C3106D22006689B00E56434 = {
						CreatedOnToolsVersion = 9.2;
						ProvisioningStyle = Automatic;
						TestTargetID = 2C3106BA2006689B00E56434;
					};
					2C3106DD2006689C00E56434 = {
						CreatedOnToolsVersion = 9.2;
						ProvisioningStyle = Automatic;
						TestTargetID = 2C3106BA2006689B00E56434;
					};
				};
			};
			buildConfigurationList = 2C3106B62006689B00E56434 /* Build configuration list for PBXProject "TuneWave" */;
			compatibilityVersion = "Xcode 8.0";
			developmentRegion = en;
			hasScannedForEncodings = 0;
			knownRegions = (
				en,
				Base,
			);
			mainGroup = 2C3106B22006689B00E56434;
			productRefGroup = 2C3106BC2006689B00E56434 /* Products */;
			projectDirPath = "";
			projectRoot = "";
			targets = (
				2C3106BA2006689B00E56434 /* TuneWave */,
				2C3106D22006689B00E56434 /* TuneWaveTests */,
				2C3106DD2006689C00E56434 /* TuneWaveUITests */,
			);
		};
/* End PBXProject section */

/* Begin PBXResourcesBuildPhase section */
		2C3106B92006689B00E56434 /* Resources */ = {
			isa = PBXResourcesBuildPhase;
			buildActionMask = 2147483647;
			files = (
				2C3106CB2006689B00E56434 /* LaunchScreen.storyboard in Resources */,
				2C3106C82006689B00E56434 /* Assets.xcassets in Resources */,
				2C3106C62006689B00E56434 /* Main.storyboard in Resources */,
			);
			runOnlyForDeploymentPostprocessing = 0;
		};
		2C3106D12006689B00E56434 /* Resources */ = {
			isa = PBXResourcesBuildPhase;
			buildActionMask = 2147483647;
			files = (
			);
			runOnlyForDeploymentPostprocessing = 0;
		};
		2C3106DC2006689C00E56434 /* Resources */ = {
			isa = PBXResourcesBuildPhase;
			buildActionMask = 2147483647;
			files = (
			);
			runOnlyForDeploymentPostprocessing = 0;
		};
/* End PBXResourcesBuildPhase section */

/* Begin PBXSourcesBuildPhase section */
		2C3106B72006689B00E56434 /* Sources */ = {
			isa = PBXSourcesBuildPhase;
			buildActionMask = 2147483647;
			files = (
				2C6F16232007384C0019E2B7 /* AppDelegate.m in Sources */,
				2C6F16202007384C0019E2B7 /* ViewController.m in Sources */,
				2C3106CE2006689B00E56434 /* main.m in Sources */,
				2C6F16242007384C0019E2B7 /* WaveForm.m in Sources */,
			);
			runOnlyForDeploymentPostprocessing = 0;
		};
		2C3106CF2006689B00E56434 /* Sources */ = {
			isa = PBXSourcesBuildPhase;
			buildActionMask = 2147483647;
			files = (
				2C3106D82006689B00E56434 /* TuneWaveTests.m in Sources */,
			);
			runOnlyForDeploymentPostprocessing = 0;
		};
		2C3106DA2006689C00E56434 /* Sources */ = {
			isa = PBXSourcesBuildPhase;
			buildActionMask = 2147483647;
			files = (
				2C3106E32006689C00E56434 /* TuneWaveUITests.m in Sources */,
			);
			runOnlyForDeploymentPostprocessing = 0;
		};
/* End PBXSourcesBuildPhase section */

/* Begin PBXTargetDependency section */
		2C3106D52006689B00E56434 /* PBXTargetDependency */ = {
			isa = PBXTargetDependency;
			target = 2C3106BA2006689B00E56434 /* TuneWave */;
			targetProxy = 2C3106D42006689B00E56434 /* PBXContainerItemProxy */;
		};
		2C3106E02006689C00E56434 /* PBXTargetDependency */ = {
			isa = PBXTargetDependency;
			target = 2C3106BA2006689B00E56434 /* TuneWave */;
			targetProxy = 2C3106DF2006689C00E56434 /* PBXContainerItemProxy */;
		};
/* End PBXTargetDependency section */

/* Begin PBXVariantGroup section */
		2C3106C42006689B00E56434 /* Main.storyboard */ = {
			isa = PBXVariantGroup;
			children = (
				2C3106C52006689B00E56434 /* Base */,
			);
			name = Main.storyboard;
			sourceTree = "<group>";
		};
		2C3106C92006689B00E56434 /* LaunchScreen.storyboard */ = {
			isa = PBXVariantGroup;
			children = (
				2C3106CA2006689B00E56434 /* Base */,
			);
			name = LaunchScreen.storyboard;
			sourceTree = "<group>";
		};
/* End PBXVariantGroup section */

/* Begin XCBuildConfiguration section */
		2C3106E52006689C00E56434 /* Debug */ = {
			isa = XCBuildConfiguration;
			buildSettings = {
				ALWAYS_SEARCH_USER_PATHS = NO;
				CLANG_ANALYZER_NONNULL = YES;
				CLANG_ANALYZER_NUMBER_OBJECT_CONVERSION = YES_AGGRESSIVE;
				CLANG_CXX_LANGUAGE_STANDARD = "gnu++14";
				CLANG_CXX_LIBRARY = "libc++";
				CLANG_ENABLE_MODULES = YES;
				CLANG_ENABLE_OBJC_ARC = YES;
				CLANG_WARN_BLOCK_CAPTURE_AUTORELEASING = YES;
				CLANG_WARN_BOOL_CONVERSION = YES;
				CLANG_WARN_COMMA = YES;
				CLANG_WARN_CONSTANT_CONVERSION = YES;
				CLANG_WARN_DIRECT_OBJC_ISA_USAGE = YES_ERROR;
				CLANG_WARN_DOCUMENTATION_COMMENTS = YES;
				CLANG_WARN_EMPTY_BODY = YES;
				CLANG_WARN_ENUM_CONVERSION = YES;
				CLANG_WARN_INFINITE_RECURSION = YES;
				CLANG_WARN_INT_CONVERSION = YES;
				CLANG_WARN_NON_LITERAL_NULL_CONVERSION = YES;
				CLANG_WARN_OBJC_LITERAL_CONVERSION = YES;
				CLANG_WARN_OBJC_ROOT_CLASS = YES_ERROR;
				CLANG_WARN_RANGE_LOOP_ANALYSIS = YES;
				CLANG_WARN_STRICT_PROTOTYPES = YES;
				CLANG_WARN_SUSPICIOUS_MOVE = YES;
				CLANG_WARN_UNGUARDED_AVAILABILITY = YES_AGGRESSIVE;
				CLANG_WARN_UNREACHABLE_CODE = YES;
				CLANG_WARN__DUPLICATE_METHOD_MATCH = YES;
				CODE_SIGN_IDENTITY = "iPhone Developer";
				COPY_PHASE_STRIP = NO;
				DEBUG_INFORMATION_FORMAT = dwarf;
				ENABLE_STRICT_OBJC_MSGSEND = YES;
				ENABLE_TESTABILITY = YES;
				GCC_C_LANGUAGE_STANDARD = gnu11;
				GCC_DYNAMIC_NO_PIC = NO;
				GCC_NO_COMMON_BLOCKS = YES;
				GCC_OPTIMIZATION_LEVEL = 0;
				GCC_PREPROCESSOR_DEFINITIONS = (
					"DEBUG=1",
					"$(inherited)",
				);
				GCC_WARN_64_TO_32_BIT_CONVERSION = YES;
				GCC_WARN_ABOUT_RETURN_TYPE = YES_ERROR;
				GCC_WARN_UNDECLARED_SELECTOR = YES;
				GCC_WARN_UNINITIALIZED_AUTOS = YES_AGGRESSIVE;
				GCC_WARN_UNUSED_FUNCTION = YES;
				GCC_WARN_UNUSED_VARIABLE = YES;
				IPHONEOS_DEPLOYMENT_TARGET = 11.2;
				MTL_ENABLE_DEBUG_INFO = YES;
				ONLY_ACTIVE_ARCH = YES;
				SDKROOT = iphoneos;
			};
			name = Debug;
		};
		2C3106E62006689C00E56434 /* Release */ = {
			isa = XCBuildConfiguration;
			buildSettings = {
				ALWAYS_SEARCH_USER_PATHS = NO;
				CLANG_ANALYZER_NONNULL = YES;
				CLANG_ANALYZER_NUMBER_OBJECT_CONVERSION = YES_AGGRESSIVE;
				CLANG_CXX_LANGUAGE_STANDARD = "gnu++14";
				CLANG_CXX_LIBRARY = "libc++";
				CLANG_ENABLE_MODULES = YES;
				CLANG_ENABLE_OBJC_ARC = YES;
				CLANG_WARN_BLOCK_CAPTURE_AUTORELEASING = YES;
				CLANG_WARN_BOOL_CONVERSION = YES;
				CLANG_WARN_COMMA = YES;
				CLANG_WARN_CONSTANT_CONVERSION = YES;
				CLANG_WARN_DIRECT_OBJC_ISA_USAGE = YES_ERROR;
				CLANG_WARN_DOCUMENTATION_COMMENTS = YES;
				CLANG_WARN_EMPTY_BODY = YES;
				CLANG_WARN_ENUM_CONVERSION = YES;
				CLANG_WARN_INFINITE_RECURSION = YES;
				CLANG_WARN_INT_CONVERSION = YES;
				CLANG_WARN_NON_LITERAL_NULL_CONVERSION = YES;
				CLANG_WARN_OBJC_LITERAL_CONVERSION = YES;
				CLANG_WARN_OBJC_ROOT_CLASS = YES_ERROR;
				CLANG_WARN_RANGE_LOOP_ANALYSIS = YES;
				CLANG_WARN_STRICT_PROTOTYPES = YES;
				CLANG_WARN_SUSPICIOUS_MOVE = YES;
				CLANG_WARN_UNGUARDED_AVAILABILITY = YES_AGGRESSIVE;
				CLANG_WARN_UNREACHABLE_CODE = YES;
				CLANG_WARN__DUPLICATE_METHOD_MATCH = YES;
				CODE_SIGN_IDENTITY = "iPhone Developer";
				COPY_PHASE_STRIP = NO;
				DEBUG_INFORMATION_FORMAT = "dwarf-with-dsym";
				ENABLE_NS_ASSERTIONS = NO;
				ENABLE_STRICT_OBJC_MSGSEND = YES;
				GCC_C_LANGUAGE_STANDARD = gnu11;
				GCC_NO_COMMON_BLOCKS = YES;
				GCC_WARN_64_TO_32_BIT_CONVERSION = YES;
				GCC_WARN_ABOUT_RETURN_TYPE = YES_ERROR;
				GCC_WARN_UNDECLARED_SELECTOR = YES;
				GCC_WARN_UNINITIALIZED_AUTOS = YES_AGGRESSIVE;
				GCC_WARN_UNUSED_FUNCTION = YES;
				GCC_WARN_UNUSED_VARIABLE = YES;
				IPHONEOS_DEPLOYMENT_TARGET = 11.2;
				MTL_ENABLE_DEBUG_INFO = NO;
				SDKROOT = iphoneos;
				VALIDATE_PRODUCT = YES;
			};
			name = Release;
		};
		2C3106E82006689C00E56434 /* Debug */ = {
			isa = XCBuildConfiguration;
			buildSettings = {
				ASSETCATALOG_COMPILER_APPICON_NAME = AppIcon;
				CODE_SIGN_STYLE = Automatic;
				DEVELOPMENT_TEAM = J53NLM32CH;
				INFOPLIST_FILE = TuneWave/Info.plist;
				LD_RUNPATH_SEARCH_PATHS = "$(inherited) @executable_path/Frameworks";
				PRODUCT_BUNDLE_IDENTIFIER = com.panks.TuneWave;
				PRODUCT_NAME = "$(TARGET_NAME)";
				TARGETED_DEVICE_FAMILY = "1,2";
			};
			name = Debug;
		};
		2C3106E92006689C00E56434 /* Release */ = {
			isa = XCBuildConfiguration;
			buildSettings = {
				ASSETCATALOG_COMPILER_APPICON_NAME = AppIcon;
				CODE_SIGN_STYLE = Automatic;
				DEVELOPMENT_TEAM = J53NLM32CH;
				INFOPLIST_FILE = TuneWave/Info.plist;
				LD_RUNPATH_SEARCH_PATHS = "$(inherited) @executable_path/Frameworks";
				PRODUCT_BUNDLE_IDENTIFIER = com.panks.TuneWave;
				PRODUCT_NAME = "$(TARGET_NAME)";
				TARGETED_DEVICE_FAMILY = "1,2";
			};
			name = Release;
		};
		2C3106EB2006689C00E56434 /* Debug */ = {
			isa = XCBuildConfiguration;
			buildSettings = {
				BUNDLE_LOADER = "$(TEST_HOST)";
				CODE_SIGN_STYLE = Automatic;
				DEVELOPMENT_TEAM = J53NLM32CH;
				INFOPLIST_FILE = TuneWaveTests/Info.plist;
				LD_RUNPATH_SEARCH_PATHS = "$(inherited) @executable_path/Frameworks @loader_path/Frameworks";
				PRODUCT_BUNDLE_IDENTIFIER = com.panks.TuneWaveTests;
				PRODUCT_NAME = "$(TARGET_NAME)";
				TARGETED_DEVICE_FAMILY = "1,2";
				TEST_HOST = "$(BUILT_PRODUCTS_DIR)/TuneWave.app/TuneWave";
			};
			name = Debug;
		};
		2C3106EC2006689C00E56434 /* Release */ = {
			isa = XCBuildConfiguration;
			buildSettings = {
				BUNDLE_LOADER = "$(TEST_HOST)";
				CODE_SIGN_STYLE = Automatic;
				DEVELOPMENT_TEAM = J53NLM32CH;
				INFOPLIST_FILE = TuneWaveTests/Info.plist;
				LD_RUNPATH_SEARCH_PATHS = "$(inherited) @executable_path/Frameworks @loader_path/Frameworks";
				PRODUCT_BUNDLE_IDENTIFIER = com.panks.TuneWaveTests;
				PRODUCT_NAME = "$(TARGET_NAME)";
				TARGETED_DEVICE_FAMILY = "1,2";
				TEST_HOST = "$(BUILT_PRODUCTS_DIR)/TuneWave.app/TuneWave";
			};
			name = Release;
		};
		2C3106EE2006689C00E56434 /* Debug */ = {
			isa = XCBuildConfiguration;
			buildSettings = {
				CODE_SIGN_STYLE = Automatic;
				DEVELOPMENT_TEAM = J53NLM32CH;
				INFOPLIST_FILE = TuneWaveUITests/Info.plist;
				LD_RUNPATH_SEARCH_PATHS = "$(inherited) @executable_path/Frameworks @loader_path/Frameworks";
				PRODUCT_BUNDLE_IDENTIFIER = com.panks.TuneWaveUITests;
				PRODUCT_NAME = "$(TARGET_NAME)";
				TARGETED_DEVICE_FAMILY = "1,2";
				TEST_TARGET_NAME = TuneWave;
			};
			name = Debug;
		};
		2C3106EF2006689C00E56434 /* Release */ = {
			isa = XCBuildConfiguration;
			buildSettings = {
				CODE_SIGN_STYLE = Automatic;
				DEVELOPMENT_TEAM = J53NLM32CH;
				INFOPLIST_FILE = TuneWaveUITests/Info.plist;
				LD_RUNPATH_SEARCH_PATHS = "$(inherited) @executable_path/Frameworks @loader_path/Frameworks";
				PRODUCT_BUNDLE_IDENTIFIER = com.panks.TuneWaveUITests;
				PRODUCT_NAME = "$(TARGET_NAME)";
				TARGETED_DEVICE_FAMILY = "1,2";
				TEST_TARGET_NAME = TuneWave;
			};
			name = Release;
		};
/* End XCBuildConfiguration section */

/* Begin XCConfigurationList section */
		2C3106B62006689B00E56434 /* Build configuration list for PBXProject "TuneWave" */ = {
			isa = XCConfigurationList;
			buildConfigurations = (
				2C3106E52006689C00E56434 /* Debug */,
				2C3106E62006689C00E56434 /* Release */,
			);
			defaultConfigurationIsVisible = 0;
			defaultConfigurationName = Release;
		};
		2C3106E72006689C00E56434 /* Build configuration list for PBXNativeTarget "TuneWave" */ = {
			isa = XCConfigurationList;
			buildConfigurations = (
				2C3106E82006689C00E56434 /* Debug */,
				2C3106E92006689C00E56434 /* Release */,
			);
			defaultConfigurationIsVisible = 0;
			defaultConfigurationName = Release;
		};
		2C3106EA2006689C00E56434 /* Build configuration list for PBXNativeTarget "TuneWaveTests" */ = {
			isa = XCConfigurationList;
			buildConfigurations = (
				2C3106EB2006689C00E56434 /* Debug */,
				2C3106EC2006689C00E56434 /* Release */,
			);
			defaultConfigurationIsVisible = 0;
			defaultConfigurationName = Release;
		};
		2C3106ED2006689C00E56434 /* Build configuration list for PBXNativeTarget "TuneWaveUITests" */ = {
			isa = XCConfigurationList;
			buildConfigurations = (
				2C3106EE2006689C00E56434 /* Debug */,
				2C3106EF2006689C00E56434 /* Release */,
			);
			defaultConfigurationIsVisible = 0;
			defaultConfigurationName = Release;
		};
/* End XCConfigurationList section */
	};
	rootObject = 2C3106B32006689B00E56434 /* Project object */;
}
